
Microsoft Visual Studio Solution File, Format Version 12.00
# Visual Studio 15
VisualStudioVersion = 15.0.27130.2036
MinimumVisualStudioVersion = 10.0.40219.1
Project("{FAE04EC0-301F-11D3-BF4B-00C04F79EFBC}") = "Vstore1", "Vstore1\Vstore1.csproj", "{F4DF8997-5540-4074-9CC1-49487195505A}"
EndProject
Global
	GlobalSection(SolutionConfigurationPlatforms) = preSolution
		Debug|Any CPU = Debug|Any CPU
		Release|Any CPU = Release|Any CPU
	EndGlobalSection
	GlobalSection(ProjectConfigurationPlatforms) = postSolution
		{F4DF8997-5540-4074-9CC1-49487195505A}.Debug|Any CPU.ActiveCfg = Debug|Any CPU
		{F4DF8997-5540-4074-9CC1-49487195505A}.Debug|Any CPU.Build.0 = Debug|Any CPU
		{F4DF8997-5540-4074-9CC1-49487195505A}.Release|Any CPU.ActiveCfg = Release|Any CPU
		{F4DF8997-5540-4074-9CC1-49487195505A}.Release|Any CPU.Build.0 = Release|Any CPU
	EndGlobalSection
	GlobalSection(SolutionProperties) = preSolution
		HideSolutionNode = FALSE
	EndGlobalSection
	GlobalSection(ExtensibilityGlobals) = postSolution
		SolutionGuid = {3EC369C4-9038-48C8-BC7D-A888238E3095}
	EndGlobalSection
EndGlobal
